
Microsoft Visual Studio Solution File, Format Version 12.00
# Visual Studio Version 17
VisualStudioVersion = 17.0.31903.59
MinimumVisualStudioVersion = 10.0.40219.1
Project("{2150E333-8FDC-42A3-9474-1A3956D46DE8}") = "src", "src", "{827E0CD3-B72D-47B6-A68D-7590B98EB39B}"
EndProject
Project("{FAE04EC0-301F-11D3-BF4B-00C04F79EFBC}") = "CoachCompanion.Audio", "src\CoachCompanion.Audio\CoachCompanion.Audio.csproj", "{0EE28A3E-BA98-4B38-975F-CC5ACE977685}"
EndProject
Project("{FAE04EC0-301F-11D3-BF4B-00C04F79EFBC}") = "CoachCompanion.Audio.Windows", "src\CoachCompanion.Audio.Windows\CoachCompanion.Audio.Windows.csproj", "{1D61233D-2C89-46BE-B656-62AE621F0617}"
EndProject
Project("{FAE04EC0-301F-11D3-BF4B-00C04F79EFBC}") = "CoachCompanion.Spike", "tools\CoachCompanion.Spike\CoachCompanion.Spike.csproj", "{04876E6F-15C0-4CF1-ACA6-1B75E5981A08}"
EndProject
Project("{FAE04EC0-301F-11D3-BF4B-00C04F79EFBC}") = "CoachCompanion.Speech", "src\CoachCompanion.Speech\CoachCompanion.Speech.csproj", "{42C88F12-AFBA-4066-9404-3DC2AAB44B95}"
EndProject
Project("{FAE04EC0-301F-11D3-BF4B-00C04F79EFBC}") = "CoachCompanion.Core", "src\CoachCompanion.Core\CoachCompanion.Core.csproj", "{1443F72F-2121-4E3B-92B8-44DA5D268A60}"
EndProject
Project("{FAE04EC0-301F-11D3-BF4B-00C04F79EFBC}") = "CoachCompanion.App", "src\CoachCompanion.App\CoachCompanion.App.csproj", "{38045F12-2CEF-4A34-B15E-902E2D4A5A0A}"
EndProject
Project("{FAE04EC0-301F-11D3-BF4B-00C04F79EFBC}") = "CoachCompanion.Audio.WebRtc", "src\CoachCompanion.Audio.WebRtc\CoachCompanion.Audio.WebRtc.csproj", "{FB422E47-D24D-4692-9606-ADBC6298DC0C}"
EndProject
Global
	GlobalSection(SolutionConfigurationPlatforms) = preSolution
		Debug|Any CPU = Debug|Any CPU
		Debug|x64 = Debug|x64
		Debug|x86 = Debug|x86
		Release|Any CPU = Release|Any CPU
		Release|x64 = Release|x64
		Release|x86 = Release|x86
	EndGlobalSection
	GlobalSection(ProjectConfigurationPlatforms) = postSolution
		{0EE28A3E-BA98-4B38-975F-CC5ACE977685}.Debug|Any CPU.ActiveCfg = Debug|Any CPU
		{0EE28A3E-BA98-4B38-975F-CC5ACE977685}.Debug|Any CPU.Build.0 = Debug|Any CPU
		{0EE28A3E-BA98-4B38-975F-CC5ACE977685}.Debug|x64.ActiveCfg = Debug|Any CPU
		{0EE28A3E-BA98-4B38-975F-CC5ACE977685}.Debug|x64.Build.0 = Debug|Any CPU
		{0EE28A3E-BA98-4B38-975F-CC5ACE977685}.Debug|x86.ActiveCfg = Debug|Any CPU
		{0EE28A3E-BA98-4B38-975F-CC5ACE977685}.Debug|x86.Build.0 = Debug|Any CPU
		{0EE28A3E-BA98-4B38-975F-CC5ACE977685}.Release|Any CPU.ActiveCfg = Release|Any CPU
		{0EE28A3E-BA98-4B38-975F-CC5ACE977685}.Release|Any CPU.Build.0 = Release|Any CPU
		{0EE28A3E-BA98-4B38-975F-CC5ACE977685}.Release|x64.ActiveCfg = Release|Any CPU
		{0EE28A3E-BA98-4B38-975F-CC5ACE977685}.Release|x64.Build.0 = Release|Any CPU
		{0EE28A3E-BA98-4B38-975F-CC5ACE977685}.Release|x86.ActiveCfg = Release|Any CPU
		{0EE28A3E-BA98-4B38-975F-CC5ACE977685}.Release|x86.Build.0 = Release|Any CPU
		{1D61233D-2C89-46BE-B656-62AE621F0617}.Debug|Any CPU.ActiveCfg = Debug|Any CPU
		{1D61233D-2C89-46BE-B656-62AE621F0617}.Debug|Any CPU.Build.0 = Debug|Any CPU
		{1D61233D-2C89-46BE-B656-62AE621F0617}.Debug|x64.ActiveCfg = Debug|Any CPU
		{1D61233D-2C89-46BE-B656-62AE621F0617}.Debug|x64.Build.0 = Debug|Any CPU
		{1D61233D-2C89-46BE-B656-62AE621F0617}.Debug|x86.ActiveCfg = Debug|Any CPU
		{1D61233D-2C89-46BE-B656-62AE621F0617}.Debug|x86.Build.0 = Debug|Any CPU
		{1D61233D-2C89-46BE-B656-62AE621F0617}.Release|Any CPU.ActiveCfg = Release|Any CPU
		{1D61233D-2C89-46BE-B656-62AE621F0617}.Release|Any CPU.Build.0 = Release|Any CPU
		{1D61233D-2C89-46BE-B656-62AE621F0617}.Release|x64.ActiveCfg = Release|Any CPU
		{1D61233D-2C89-46BE-B656-62AE621F0617}.Release|x64.Build.0 = Release|Any CPU
		{1D61233D-2C89-46BE-B656-62AE621F0617}.Release|x86.ActiveCfg = Release|Any CPU
		{1D61233D-2C89-46BE-B656-62AE621F0617}.Release|x86.Build.0 = Release|Any CPU
		{04876E6F-15C0-4CF1-ACA6-1B75E5981A08}.Debug|Any CPU.ActiveCfg = Debug|Any CPU
		{04876E6F-15C0-4CF1-ACA6-1B75E5981A08}.Debug|Any CPU.Build.0 = Debug|Any CPU
		{04876E6F-15C0-4CF1-ACA6-1B75E5981A08}.Debug|x64.ActiveCfg = Debug|Any CPU
		{04876E6F-15C0-4CF1-ACA6-1B75E5981A08}.Debug|x64.Build.0 = Debug|Any CPU
		{04876E6F-15C0-4CF1-ACA6-1B75E5981A08}.Debug|x86.ActiveCfg = Debug|Any CPU
		{04876E6F-15C0-4CF1-ACA6-1B75E5981A08}.Debug|x86.Build.0 = Debug|Any CPU
		{04876E6F-15C0-4CF1-ACA6-1B75E5981A08}.Release|Any CPU.ActiveCfg = Release|Any CPU
		{04876E6F-15C0-4CF1-ACA6-1B75E5981A08}.Release|Any CPU.Build.0 = Release|Any CPU
		{04876E6F-15C0-4CF1-ACA6-1B75E5981A08}.Release|x64.ActiveCfg = Release|Any CPU
		{04876E6F-15C0-4CF1-ACA6-1B75E5981A08}.Release|x64.Build.0 = Release|Any CPU
		{04876E6F-15C0-4CF1-ACA6-1B75E5981A08}.Release|x86.ActiveCfg = Release|Any CPU
		{04876E6F-15C0-4CF1-ACA6-1B75E5981A08}.Release|x86.Build.0 = Release|Any CPU
		{42C88F12-AFBA-4066-9404-3DC2AAB44B95}.Debug|Any CPU.ActiveCfg = Debug|Any CPU
		{42C88F12-AFBA-4066-9404-3DC2AAB44B95}.Debug|Any CPU.Build.0 = Debug|Any CPU
		{42C88F12-AFBA-4066-9404-3DC2AAB44B95}.Debug|x64.ActiveCfg = Debug|Any CPU
		{42C88F12-AFBA-4066-9404-3DC2AAB44B95}.Debug|x64.Build.0 = Debug|Any CPU
		{42C88F12-AFBA-4066-9404-3DC2AAB44B95}.Debug|x86.ActiveCfg = Debug|Any CPU
		{42C88F12-AFBA-4066-9404-3DC2AAB44B95}.Debug|x86.Build.0 = Debug|Any CPU
		{42C88F12-AFBA-4066-9404-3DC2AAB44B95}.Release|Any CPU.ActiveCfg = Release|Any CPU
		{42C88F12-AFBA-4066-9404-3DC2AAB44B95}.Release|Any CPU.Build.0 = Release|Any CPU
		{42C88F12-AFBA-4066-9404-3DC2AAB44B95}.Release|x64.ActiveCfg = Release|Any CPU
		{42C88F12-AFBA-4066-9404-3DC2AAB44B95}.Release|x64.Build.0 = Release|Any CPU
		{42C88F12-AFBA-4066-9404-3DC2AAB44B95}.Release|x86.ActiveCfg = Release|Any CPU
		{42C88F12-AFBA-4066-9404-3DC2AAB44B95}.Release|x86.Build.0 = Release|Any CPU
		{1443F72F-2121-4E3B-92B8-44DA5D268A60}.Debug|Any CPU.ActiveCfg = Debug|Any CPU
		{1443F72F-2121-4E3B-92B8-44DA5D268A60}.Debug|Any CPU.Build.0 = Debug|Any CPU
		{1443F72F-2121-4E3B-92B8-44DA5D268A60}.Debug|x64.ActiveCfg = Debug|Any CPU
		{1443F72F-2121-4E3B-92B8-44DA5D268A60}.Debug|x64.Build.0 = Debug|Any CPU
		{1443F72F-2121-4E3B-92B8-44DA5D268A60}.Debug|x86.ActiveCfg = Debug|Any CPU
		{1443F72F-2121-4E3B-92B8-44DA5D268A60}.Debug|x86.Build.0 = Debug|Any CPU
		{1443F72F-2121-4E3B-92B8-44DA5D268A60}.Release|Any CPU.ActiveCfg = Release|Any CPU
		{1443F72F-2121-4E3B-92B8-44DA5D268A60}.Release|Any CPU.Build.0 = Release|Any CPU
		{1443F72F-2121-4E3B-92B8-44DA5D268A60}.Release|x64.ActiveCfg = Release|Any CPU
		{1443F72F-2121-4E3B-92B8-44DA5D268A60}.Release|x64.Build.0 = Release|Any CPU
		{1443F72F-2121-4E3B-92B8-44DA5D268A60}.Release|x86.ActiveCfg = Release|Any CPU
		{1443F72F-2121-4E3B-92B8-44DA5D268A60}.Release|x86.Build.0 = Release|Any CPU
		{38045F12-2CEF-4A34-B15E-902E2D4A5A0A}.Debug|Any CPU.ActiveCfg = Debug|Any CPU
		{38045F12-2CEF-4A34-B15E-902E2D4A5A0A}.Debug|Any CPU.Build.0 = Debug|Any CPU
		{38045F12-2CEF-4A34-B15E-902E2D4A5A0A}.Debug|x64.ActiveCfg = Debug|Any CPU
		{38045F12-2CEF-4A34-B15E-902E2D4A5A0A}.Debug|x64.Build.0 = Debug|Any CPU
		{38045F12-2CEF-4A34-B15E-902E2D4A5A0A}.Debug|x86.ActiveCfg = Debug|Any CPU
		{38045F12-2CEF-4A34-B15E-902E2D4A5A0A}.Debug|x86.Build.0 = Debug|Any CPU
		{38045F12-2CEF-4A34-B15E-902E2D4A5A0A}.Release|Any CPU.ActiveCfg = Release|Any CPU
		{38045F12-2CEF-4A34-B15E-902E2D4A5A0A}.Release|Any CPU.Build.0 = Release|Any CPU
		{38045F12-2CEF-4A34-B15E-902E2D4A5A0A}.Release|x64.ActiveCfg = Release|Any CPU
		{38045F12-2CEF-4A34-B15E-902E2D4A5A0A}.Release|x64.Build.0 = Release|Any CPU
		{38045F12-2CEF-4A34-B15E-902E2D4A5A0A}.Release|x86.ActiveCfg = Release|Any CPU
		{38045F12-2CEF-4A34-B15E-902E2D4A5A0A}.Release|x86.Build.0 = Release|Any CPU
		{FB422E47-D24D-4692-9606-ADBC6298DC0C}.Debug|Any CPU.ActiveCfg = Debug|Any CPU
		{FB422E47-D24D-4692-9606-ADBC6298DC0C}.Debug|Any CPU.Build.0 = Debug|Any CPU
		{FB422E47-D24D-4692-9606-ADBC6298DC0C}.Debug|x64.ActiveCfg = Debug|Any CPU
		{FB422E47-D24D-4692-9606-ADBC6298DC0C}.Debug|x64.Build.0 = Debug|Any CPU
		{FB422E47-D24D-4692-9606-ADBC6298DC0C}.Debug|x86.ActiveCfg = Debug|Any CPU
		{FB422E47-D24D-4692-9606-ADBC6298DC0C}.Debug|x86.Build.0 = Debug|Any CPU
		{FB422E47-D24D-4692-9606-ADBC6298DC0C}.Release|Any CPU.ActiveCfg = Release|Any CPU
		{FB422E47-D24D-4692-9606-ADBC6298DC0C}.Release|Any CPU.Build.0 = Release|Any CPU
		{FB422E47-D24D-4692-9606-ADBC6298DC0C}.Release|x64.ActiveCfg = Release|Any CPU
		{FB422E47-D24D-4692-9606-ADBC6298DC0C}.Release|x64.Build.0 = Release|Any CPU
		{FB422E47-D24D-4692-9606-ADBC6298DC0C}.Release|x86.ActiveCfg = Release|Any CPU
		{FB422E47-D24D-4692-9606-ADBC6298DC0C}.Release|x86.Build.0 = Release|Any CPU
	EndGlobalSection
	GlobalSection(SolutionProperties) = preSolution
		HideSolutionNode = FALSE
	EndGlobalSection
	GlobalSection(NestedProjects) = preSolution
		{0EE28A3E-BA98-4B38-975F-CC5ACE977685} = {827E0CD3-B72D-47B6-A68D-7590B98EB39B}
		{1D61233D-2C89-46BE-B656-62AE621F0617} = {827E0CD3-B72D-47B6-A68D-7590B98EB39B}
		{04876E6F-15C0-4CF1-ACA6-1B75E5981A08} = {827E0CD3-B72D-47B6-A68D-7590B98EB39B}
		{42C88F12-AFBA-4066-9404-3DC2AAB44B95} = {827E0CD3-B72D-47B6-A68D-7590B98EB39B}
		{1443F72F-2121-4E3B-92B8-44DA5D268A60} = {827E0CD3-B72D-47B6-A68D-7590B98EB39B}
		{38045F12-2CEF-4A34-B15E-902E2D4A5A0A} = {827E0CD3-B72D-47B6-A68D-7590B98EB39B}
		{FB422E47-D24D-4692-9606-ADBC6298DC0C} = {827E0CD3-B72D-47B6-A68D-7590B98EB39B}
	EndGlobalSection
EndGlobal
